
Microsoft Visual Studio Solution File, Format Version 12.00
# Visual Studio Version 17
VisualStudioVersion = 17.5.002.0
MinimumVisualStudioVersion = 10.0.40219.1
Project("{9A19103F-16F7-4668-BE54-9A1E7A4F7556}") = "CrudVeiculos", "CrudVeiculos.csproj", "{A44FFEEA-A72F-4262-B60E-245D90CB107C}"
EndProject
Global
	GlobalSection(SolutionConfigurationPlatforms) = preSolution
		Debug|Any CPU = Debug|Any CPU
		Release|Any CPU = Release|Any CPU
	EndGlobalSection
	GlobalSection(ProjectConfigurationPlatforms) = postSolution
		{A44FFEEA-A72F-4262-B60E-245D90CB107C}.Debug|Any CPU.ActiveCfg = Debug|Any CPU
		{A44FFEEA-A72F-4262-B60E-245D90CB107C}.Debug|Any CPU.Build.0 = Debug|Any CPU
		{A44FFEEA-A72F-4262-B60E-245D90CB107C}.Release|Any CPU.ActiveCfg = Release|Any CPU
		{A44FFEEA-A72F-4262-B60E-245D90CB107C}.Release|Any CPU.Build.0 = Release|Any CPU
	EndGlobalSection
	GlobalSection(SolutionProperties) = preSolution
		HideSolutionNode = FALSE
	EndGlobalSection
	GlobalSection(ExtensibilityGlobals) = postSolution
		SolutionGuid = {91F4E178-CD89-423F-9AB9-73F10FB4F528}
	EndGlobalSection
EndGlobal
